
Microsoft Visual Studio Solution File, Format Version 12.00
# Visual Studio 15
VisualStudioVersion = 15.0.27703.2035
MinimumVisualStudioVersion = 10.0.40219.1
Project("{FAE04EC0-301F-11D3-BF4B-00C04F79EFBC}") = "News_Manage", "News_Manage\News_Manage.csproj", "{9628B9A2-8955-4964-B520-433184676645}"
EndProject
Project("{FAE04EC0-301F-11D3-BF4B-00C04F79EFBC}") = "NewsProject", "NewsProject\NewsProject.csproj", "{A0107E17-7D35-4ED2-8609-DB91F67E7052}"
EndProject
Project("{FAE04EC0-301F-11D3-BF4B-00C04F79EFBC}") = "Test", "Test\Test.csproj", "{68B6028E-E85C-4A89-9771-365179C68A1C}"
EndProject
Global
	GlobalSection(SolutionConfigurationPlatforms) = preSolution
		Debug|Any CPU = Debug|Any CPU
		Release|Any CPU = Release|Any CPU
	EndGlobalSection
	GlobalSection(ProjectConfigurationPlatforms) = postSolution
		{9628B9A2-8955-4964-B520-433184676645}.Debug|Any CPU.ActiveCfg = Debug|Any CPU
		{9628B9A2-8955-4964-B520-433184676645}.Debug|Any CPU.Build.0 = Debug|Any CPU
		{9628B9A2-8955-4964-B520-433184676645}.Release|Any CPU.ActiveCfg = Release|Any CPU
		{9628B9A2-8955-4964-B520-433184676645}.Release|Any CPU.Build.0 = Release|Any CPU
		{A0107E17-7D35-4ED2-8609-DB91F67E7052}.Debug|Any CPU.ActiveCfg = Debug|Any CPU
		{A0107E17-7D35-4ED2-8609-DB91F67E7052}.Debug|Any CPU.Build.0 = Debug|Any CPU
		{A0107E17-7D35-4ED2-8609-DB91F67E7052}.Release|Any CPU.ActiveCfg = Release|Any CPU
		{A0107E17-7D35-4ED2-8609-DB91F67E7052}.Release|Any CPU.Build.0 = Release|Any CPU
		{68B6028E-E85C-4A89-9771-365179C68A1C}.Debug|Any CPU.ActiveCfg = Debug|Any CPU
		{68B6028E-E85C-4A89-9771-365179C68A1C}.Debug|Any CPU.Build.0 = Debug|Any CPU
		{68B6028E-E85C-4A89-9771-365179C68A1C}.Release|Any CPU.ActiveCfg = Release|Any CPU
		{68B6028E-E85C-4A89-9771-365179C68A1C}.Release|Any CPU.Build.0 = Release|Any CPU
	EndGlobalSection
	GlobalSection(SolutionProperties) = preSolution
		HideSolutionNode = FALSE
	EndGlobalSection
	GlobalSection(ExtensibilityGlobals) = postSolution
		SolutionGuid = {CD453175-3A45-4246-B827-C1E6DDCAF198}
	EndGlobalSection
EndGlobal
